
Microsoft Visual Studio Solution File, Format Version 12.00
# Visual Studio Version 16
VisualStudioVersion = 16.0.32901.82
MinimumVisualStudioVersion = 10.0.40219.1
Project("{FAE04EC0-301F-11D3-BF4B-00C04F79EFBC}") = "07LaboratoryExercise", "07LaboratoryExercise.csproj", "{A647D6F1-6128-4203-938A-94A699B3BB3C}"
EndProject
Global
	GlobalSection(SolutionConfigurationPlatforms) = preSolution
		Debug|Any CPU = Debug|Any CPU
		Release|Any CPU = Release|Any CPU
	EndGlobalSection
	GlobalSection(ProjectConfigurationPlatforms) = postSolution
		{A647D6F1-6128-4203-938A-94A699B3BB3C}.Debug|Any CPU.ActiveCfg = Debug|Any CPU
		{A647D6F1-6128-4203-938A-94A699B3BB3C}.Debug|Any CPU.Build.0 = Debug|Any CPU
		{A647D6F1-6128-4203-938A-94A699B3BB3C}.Release|Any CPU.ActiveCfg = Release|Any CPU
		{A647D6F1-6128-4203-938A-94A699B3BB3C}.Release|Any CPU.Build.0 = Release|Any CPU
	EndGlobalSection
	GlobalSection(SolutionProperties) = preSolution
		HideSolutionNode = FALSE
	EndGlobalSection
	GlobalSection(ExtensibilityGlobals) = postSolution
		SolutionGuid = {9B190BFA-0361-4777-9C28-A0C70D23E9B8}
	EndGlobalSection
EndGlobal
